
Microsoft Visual Studio Solution File, Format Version 12.00
# Visual Studio Version 16
VisualStudioVersion = 16.0.30709.132
MinimumVisualStudioVersion = 10.0.40219.1
Project("{9A19103F-16F7-4668-BE54-9A1E7A4F7556}") = "AdvantageTool", "AdvantageTool\AdvantageTool.csproj", "{7ECED4FD-57B9-4F59-86F1-3C84B4E16DCA}"
EndProject
Global
	GlobalSection(SolutionConfigurationPlatforms) = preSolution
		Debug|Any CPU = Debug|Any CPU
		Release|Any CPU = Release|Any CPU
	EndGlobalSection
	GlobalSection(ProjectConfigurationPlatforms) = postSolution
		{7ECED4FD-57B9-4F59-86F1-3C84B4E16DCA}.Debug|Any CPU.ActiveCfg = Debug|Any CPU
		{7ECED4FD-57B9-4F59-86F1-3C84B4E16DCA}.Debug|Any CPU.Build.0 = Debug|Any CPU
		{7ECED4FD-57B9-4F59-86F1-3C84B4E16DCA}.Release|Any CPU.ActiveCfg = Release|Any CPU
		{7ECED4FD-57B9-4F59-86F1-3C84B4E16DCA}.Release|Any CPU.Build.0 = Release|Any CPU
	EndGlobalSection
	GlobalSection(SolutionProperties) = preSolution
		HideSolutionNode = FALSE
	EndGlobalSection
	GlobalSection(ExtensibilityGlobals) = postSolution
		SolutionGuid = {0522ACD8-8D30-4D81-B297-1460B1D29BCA}
	EndGlobalSection
EndGlobal
